<?xml version="1.0" encoding="utf-8"?>
<Project ToolsVersion="4.0" xmlns="http://schemas.microsoft.com/developer/msbuild/2003">
  <ItemGroup>
    <Filter Include="리소스 파일">
      <UniqueIdentifier>{67DA6AB6-F800-4c08-8B7A-83BB121AAD01}</UniqueIdentifier>
      <Extensions>rc;ico;cur;bmp;dlg;rc2;rct;bin;rgs;gif;jpg;jpeg;jpe;resx;tiff;tif;png;wav;mfcribbon-ms</Extensions>
    </Filter>
    <Filter Include="Utils">
      <UniqueIdentifier>{0a8acedb-6671-4936-82c9-7c6d23e48150}</UniqueIdentifier>
    </Filter>
    <Filter Include="Shader">
      <UniqueIdentifier>{d2d8fa60-cb92-48e9-b8a5-86cd9529b285}</UniqueIdentifier>
    </Filter>
    <Filter Include="Manager">
      <UniqueIdentifier>{280ff0e8-2a50-4094-bd4b-d84af436d33c}</UniqueIdentifier>
    </Filter>
    <Filter Include="Engine">
      <UniqueIdentifier>{6c5c6053-be6b-416b-8643-e38d546e281e}</UniqueIdentifier>
    </Filter>
    <Filter Include="Object">
      <UniqueIdentifier>{fb491c5b-c6c1-437d-be2d-6c9fec1617b6}</UniqueIdentifier>
    </Filter>
    <Filter Include="Object\Test">
      <UniqueIdentifier>{812b2308-ed56-4832-859e-19c9f19212aa}</UniqueIdentifier>
    </Filter>
    <Filter Include="Object\Component">
      <UniqueIdentifier>{cdc4ab93-f142-4c30-8284-c04b867bc8e5}</UniqueIdentifier>
    </Filter>
    <Filter Include="Object\Resource">
      <UniqueIdentifier>{485ff003-095c-493a-bf50-439ad9140bb6}</UniqueIdentifier>
    </Filter>
  </ItemGroup>
  <ItemGroup>
    <ClInclude Include="Material.h">
      <Filter>Object\Resource</Filter>
    </ClInclude>
    <ClInclude Include="Mesh.h">
      <Filter>Object\Resource</Filter>
    </ClInclude>
    <ClInclude Include="SimpleMath.h">
      <Filter>Utils</Filter>
    </ClInclude>
    <ClInclude Include="pch.h">
      <Filter>Utils</Filter>
    </ClInclude>
    <ClInclude Include="framework.h">
      <Filter>Utils</Filter>
    </ClInclude>
    <ClInclude Include="EnginePch.h">
      <Filter>Utils</Filter>
    </ClInclude>
    <ClInclude Include="DirectXTex.h">
      <Filter>Utils</Filter>
    </ClInclude>
    <ClInclude Include="d3dx12.h">
      <Filter>Utils</Filter>
    </ClInclude>
    <ClInclude Include="GameObject.h">
      <Filter>Object</Filter>
    </ClInclude>
    <ClInclude Include="SceneManager.h">
      <Filter>Manager</Filter>
    </ClInclude>
    <ClInclude Include="Scene.h">
      <Filter>Manager</Filter>
    </ClInclude>
    <ClInclude Include="TestCameraScript.h">
      <Filter>Object\Test</Filter>
    </ClInclude>
    <ClInclude Include="ConstantResource.h">
      <Filter>Engine</Filter>
    </ClInclude>
    <ClInclude Include="Engine.h">
      <Filter>Engine</Filter>
    </ClInclude>
    <ClInclude Include="RenderController.h">
      <Filter>Engine</Filter>
    </ClInclude>
    <ClInclude Include="Resources.h">
      <Filter>Manager</Filter>
    </ClInclude>
    <ClInclude Include="Camera.h">
      <Filter>Object\Component</Filter>
    </ClInclude>
    <ClInclude Include="Component.h">
      <Filter>Object\Component</Filter>
    </ClInclude>
    <ClInclude Include="MeshRenderer.h">
      <Filter>Object\Component</Filter>
    </ClInclude>
    <ClInclude Include="MonoBehaviour.h">
      <Filter>Object\Component</Filter>
    </ClInclude>
    <ClInclude Include="Transform.h">
      <Filter>Object\Component</Filter>
    </ClInclude>
    <ClInclude Include="Object.h">
      <Filter>Object</Filter>
    </ClInclude>
    <ClInclude Include="Shader.h">
      <Filter>Object\Resource</Filter>
    </ClInclude>
    <ClInclude Include="Texture.h">
      <Filter>Object\Resource</Filter>
    </ClInclude>
    <ClInclude Include="Light.h">
      <Filter>Object\Component</Filter>
    </ClInclude>
  </ItemGroup>
  <ItemGroup>
    <ClCompile Include="Material.cpp">
      <Filter>Object\Resource</Filter>
    </ClCompile>
    <ClCompile Include="Mesh.cpp">
      <Filter>Object\Resource</Filter>
    </ClCompile>
    <ClCompile Include="SimpleMath.cpp">
      <Filter>Utils</Filter>
    </ClCompile>
    <ClCompile Include="pch.cpp">
      <Filter>Utils</Filter>
    </ClCompile>
    <ClCompile Include="EnginePch.cpp">
      <Filter>Utils</Filter>
    </ClCompile>
    <ClCompile Include="GameObject.cpp">
      <Filter>Object</Filter>
    </ClCompile>
    <ClCompile Include="SceneManager.cpp">
      <Filter>Manager</Filter>
    </ClCompile>
    <ClCompile Include="Scene.cpp">
      <Filter>Manager</Filter>
    </ClCompile>
    <ClCompile Include="TestCameraScript.cpp">
      <Filter>Object\Test</Filter>
    </ClCompile>
    <ClCompile Include="ConstantResource.cpp">
      <Filter>Engine</Filter>
    </ClCompile>
    <ClCompile Include="Engine.cpp">
      <Filter>Engine</Filter>
    </ClCompile>
    <ClCompile Include="RenderController.cpp">
      <Filter>Engine</Filter>
    </ClCompile>
    <ClCompile Include="Resources.cpp">
      <Filter>Manager</Filter>
    </ClCompile>
    <ClCompile Include="Object.cpp">
      <Filter>Object</Filter>
    </ClCompile>
    <ClCompile Include="Camera.cpp">
      <Filter>Object\Component</Filter>
    </ClCompile>
    <ClCompile Include="Component.cpp">
      <Filter>Object\Component</Filter>
    </ClCompile>
    <ClCompile Include="MeshRenderer.cpp">
      <Filter>Object\Component</Filter>
    </ClCompile>
    <ClCompile Include="MonoBehaviour.cpp">
      <Filter>Object\Component</Filter>
    </ClCompile>
    <ClCompile Include="Transform.cpp">
      <Filter>Object\Component</Filter>
    </ClCompile>
    <ClCompile Include="Shader.cpp">
      <Filter>Object\Resource</Filter>
    </ClCompile>
    <ClCompile Include="Texture.cpp">
      <Filter>Object\Resource</Filter>
    </ClCompile>
    <ClCompile Include="Light.cpp">
      <Filter>Object\Component</Filter>
    </ClCompile>
  </ItemGroup>
  <ItemGroup>
    <None Include="SimpleMath.inl">
      <Filter>Utils</Filter>
    </None>
    <None Include="DirectXTex.inl">
      <Filter>Utils</Filter>
    </None>
    <None Include="default.hlsli">
      <Filter>Shader</Filter>
    </None>
    <None Include="utils.hlsli">
      <Filter>Shader</Filter>
    </None>
    <None Include="params.hlsli">
      <Filter>Shader</Filter>
    </None>
  </ItemGroup>
  <ItemGroup>
    <Image Include="WakDoo.png">
      <Filter>리소스 파일</Filter>
    </Image>
  </ItemGroup>
</Project>